
Microsoft Visual Studio Solution File, Format Version 12.00
# Visual Studio 15
VisualStudioVersion = 15.0.27130.2027
MinimumVisualStudioVersion = 10.0.40219.1
Project("{FAE04EC0-301F-11D3-BF4B-00C04F79EFBC}") = "SvgIconCompressor", "SvgIconCompressor\SvgIconCompressor.csproj", "{1AAE8DD5-C337-47A4-AD59-462B75282A41}"
EndProject
Global
	GlobalSection(SolutionConfigurationPlatforms) = preSolution
		Debug|Any CPU = Debug|Any CPU
		Release|Any CPU = Release|Any CPU
	EndGlobalSection
	GlobalSection(ProjectConfigurationPlatforms) = postSolution
		{1AAE8DD5-C337-47A4-AD59-462B75282A41}.Debug|Any CPU.ActiveCfg = Debug|Any CPU
		{1AAE8DD5-C337-47A4-AD59-462B75282A41}.Debug|Any CPU.Build.0 = Debug|Any CPU
		{1AAE8DD5-C337-47A4-AD59-462B75282A41}.Release|Any CPU.ActiveCfg = Release|Any CPU
		{1AAE8DD5-C337-47A4-AD59-462B75282A41}.Release|Any CPU.Build.0 = Release|Any CPU
	EndGlobalSection
	GlobalSection(SolutionProperties) = preSolution
		HideSolutionNode = FALSE
	EndGlobalSection
	GlobalSection(ExtensibilityGlobals) = postSolution
		SolutionGuid = {88FF1200-C4D5-42BD-B120-152D3A1746EF}
	EndGlobalSection
EndGlobal
